
Microsoft Visual Studio Solution File, Format Version 12.00
# Visual Studio Version 16
VisualStudioVersion = 16.0.30717.126
MinimumVisualStudioVersion = 10.0.40219.1
Project("{9A19103F-16F7-4668-BE54-9A1E7A4F7556}") = "d01", "d01\d01.csproj", "{975D6CB1-2AE4-4542-BE9C-1F54330C0A79}"
EndProject
Project("{9A19103F-16F7-4668-BE54-9A1E7A4F7556}") = "AOC.Common", "AOC.Common\AOC.Common.csproj", "{84F4F260-E315-4121-BBED-BE86987FB735}"
EndProject
Project("{9A19103F-16F7-4668-BE54-9A1E7A4F7556}") = "d02", "d02\d02.csproj", "{7AFDB61B-B44C-40C4-836D-1281670FA7C9}"
EndProject
Project("{2150E333-8FDC-42A3-9474-1A3956D46DE8}") = "Days0to9", "Days0to9", "{ECDFA035-0041-48AA-8E46-9E3743CA17EC}"
EndProject
Project("{2150E333-8FDC-42A3-9474-1A3956D46DE8}") = "Template", "Template", "{6928802D-F41A-4CB5-949A-8BA15EE3FF08}"
EndProject
Project("{9A19103F-16F7-4668-BE54-9A1E7A4F7556}") = "d00", "dtemplate\d00.csproj", "{33BECD17-3BB9-4A28-A08E-48582E0DAB89}"
EndProject
Project("{9A19103F-16F7-4668-BE54-9A1E7A4F7556}") = "d03", "d03\d03.csproj", "{B2D622BE-0B60-4E04-98F8-4B051FB37377}"
EndProject
Project("{9A19103F-16F7-4668-BE54-9A1E7A4F7556}") = "d04", "d04\d04.csproj", "{7D43F48D-394A-454B-8B93-E87A99F5E866}"
EndProject
Project("{9A19103F-16F7-4668-BE54-9A1E7A4F7556}") = "d05", "d05\d05.csproj", "{82329CD0-0F5A-464D-AF00-3205E43F261C}"
EndProject
Project("{9A19103F-16F7-4668-BE54-9A1E7A4F7556}") = "experiments", "experiments\experiments.csproj", "{0A82330F-C25C-493F-B4DA-C47C7B7F072B}"
EndProject
Project("{9A19103F-16F7-4668-BE54-9A1E7A4F7556}") = "d06", "d06\d06.csproj", "{BAF796D4-00A0-46C8-B83A-8F798E878551}"
EndProject
Project("{2150E333-8FDC-42A3-9474-1A3956D46DE8}") = "2017", "2017", "{53A811AE-F9B5-4ED4-B395-660F1DD6904A}"
EndProject
Project("{9A19103F-16F7-4668-BE54-9A1E7A4F7556}") = "d05", "2017d05\d05.csproj", "{797419BF-35DB-4D27-AC7F-72C0C7AC3748}"
EndProject
Project("{9A19103F-16F7-4668-BE54-9A1E7A4F7556}") = "d07", "d07\d07.csproj", "{CACD6389-AE85-41FC-B229-7ABA2E2A1DC6}"
EndProject
Project("{9A19103F-16F7-4668-BE54-9A1E7A4F7556}") = "d08", "d08\d08.csproj", "{28CF0180-72B8-445B-A142-0425FA9D6F87}"
EndProject
Project("{9A19103F-16F7-4668-BE54-9A1E7A4F7556}") = "d09", "d09\d09.csproj", "{1F6E2D38-8843-4707-8D80-36CD81305F01}"
EndProject
Project("{2150E333-8FDC-42A3-9474-1A3956D46DE8}") = "days10to19", "days10to19", "{E43B9087-6D2D-4F15-9BAF-5719BCF3D34E}"
EndProject
Project("{9A19103F-16F7-4668-BE54-9A1E7A4F7556}") = "d10", "d10\d10.csproj", "{52694C0C-4B59-4D39-B19D-AC9B241A7581}"
EndProject
Project("{9A19103F-16F7-4668-BE54-9A1E7A4F7556}") = "d11", "d11\d11.csproj", "{EEFBB4B0-AC89-46DD-BC4F-FF92E8A2A12D}"
EndProject
Project("{9A19103F-16F7-4668-BE54-9A1E7A4F7556}") = "d12", "d12\d12.csproj", "{4D577D7E-F9CF-48B3-9881-6EFCBA8A7D5E}"
EndProject
Project("{9A19103F-16F7-4668-BE54-9A1E7A4F7556}") = "d13", "d13\d13.csproj", "{7EE26174-D12C-43CD-838D-E842CD9EF171}"
EndProject
Project("{9A19103F-16F7-4668-BE54-9A1E7A4F7556}") = "d14", "d14\d14.csproj", "{987801F3-1A48-4190-B117-5E7E0269616F}"
EndProject
Project("{9A19103F-16F7-4668-BE54-9A1E7A4F7556}") = "d15", "d15\d15.csproj", "{F175CE5B-91D2-40A0-A7F8-E78AA8DDA233}"
EndProject
Project("{9A19103F-16F7-4668-BE54-9A1E7A4F7556}") = "d16", "d16\d16.csproj", "{1ED9D0EF-BB68-4F9F-83BC-9CC97F36F589}"
EndProject
Project("{9A19103F-16F7-4668-BE54-9A1E7A4F7556}") = "d17", "d17\d17.csproj", "{27B76FC0-BC23-4A75-B9CA-3E4B9F6FB31B}"
EndProject
Project("{9A19103F-16F7-4668-BE54-9A1E7A4F7556}") = "d18", "d18\d18.csproj", "{E11CD846-8105-4E49-BE25-A17DCE2B2AB2}"
EndProject
Project("{9A19103F-16F7-4668-BE54-9A1E7A4F7556}") = "d19", "d19\d19.csproj", "{4BB3CCC3-9403-42FD-8A7C-C7AF4D0B6020}"
EndProject
Project("{2150E333-8FDC-42A3-9474-1A3956D46DE8}") = "Days20to25", "Days20to25", "{511C17B5-F8EF-417F-9551-B6F2248012FB}"
EndProject
Project("{9A19103F-16F7-4668-BE54-9A1E7A4F7556}") = "d20", "d20\d20.csproj", "{9E28D7D3-05C5-401C-8872-6EC6A57A1107}"
EndProject
Project("{2150E333-8FDC-42A3-9474-1A3956D46DE8}") = "Z3", "Z3", "{CC7FB9FB-A43B-4588-97E7-7822266D21D3}"
EndProject
Project("{FAE04EC0-301F-11D3-BF4B-00C04F79EFBC}") = "Z3.LinqBinding", "Z3.LinqBinding\Z3.LinqBinding.csproj", "{5E7DD7ED-9AC0-4095-AB6B-A6BF21FE5B7F}"
EndProject
Project("{FAE04EC0-301F-11D3-BF4B-00C04F79EFBC}") = "Z3.LinqBinding.Demo", "Z3.LinqBinding.Demo\Z3.LinqBinding.Demo.csproj", "{E11C21EB-3336-458F-9451-67F8E8F2352D}"
EndProject
Project("{FAE04EC0-301F-11D3-BF4B-00C04F79EFBC}") = "Z3.LinqBinding.Sudoku", "Z3.LinqBinding.Sudoku\Z3.LinqBinding.Sudoku.csproj", "{9921E34D-F22D-4627-94B9-D871EB586C14}"
EndProject
Project("{FAE04EC0-301F-11D3-BF4B-00C04F79EFBC}") = "Z3.LinqBinding.NetStandard", "Z3.LinqBinding.NetStandard\Z3.LinqBinding.NetStandard.csproj", "{170FBCB6-33EC-49A7-BAB3-096569D1579B}"
EndProject
Global
	GlobalSection(SolutionConfigurationPlatforms) = preSolution
		Debug|Any CPU = Debug|Any CPU
		Debug|x64 = Debug|x64
		Debug|x86 = Debug|x86
		Release|Any CPU = Release|Any CPU
		Release|x64 = Release|x64
		Release|x86 = Release|x86
	EndGlobalSection
	GlobalSection(ProjectConfigurationPlatforms) = postSolution
		{975D6CB1-2AE4-4542-BE9C-1F54330C0A79}.Debug|Any CPU.ActiveCfg = Debug|Any CPU
		{975D6CB1-2AE4-4542-BE9C-1F54330C0A79}.Debug|Any CPU.Build.0 = Debug|Any CPU
		{975D6CB1-2AE4-4542-BE9C-1F54330C0A79}.Debug|x64.ActiveCfg = Debug|Any CPU
		{975D6CB1-2AE4-4542-BE9C-1F54330C0A79}.Debug|x86.ActiveCfg = Debug|Any CPU
		{975D6CB1-2AE4-4542-BE9C-1F54330C0A79}.Release|Any CPU.ActiveCfg = Release|Any CPU
		{975D6CB1-2AE4-4542-BE9C-1F54330C0A79}.Release|Any CPU.Build.0 = Release|Any CPU
		{975D6CB1-2AE4-4542-BE9C-1F54330C0A79}.Release|x64.ActiveCfg = Release|Any CPU
		{975D6CB1-2AE4-4542-BE9C-1F54330C0A79}.Release|x86.ActiveCfg = Release|Any CPU
		{84F4F260-E315-4121-BBED-BE86987FB735}.Debug|Any CPU.ActiveCfg = Debug|Any CPU
		{84F4F260-E315-4121-BBED-BE86987FB735}.Debug|Any CPU.Build.0 = Debug|Any CPU
		{84F4F260-E315-4121-BBED-BE86987FB735}.Debug|x64.ActiveCfg = Debug|Any CPU
		{84F4F260-E315-4121-BBED-BE86987FB735}.Debug|x64.Build.0 = Debug|Any CPU
		{84F4F260-E315-4121-BBED-BE86987FB735}.Debug|x86.ActiveCfg = Debug|Any CPU
		{84F4F260-E315-4121-BBED-BE86987FB735}.Debug|x86.Build.0 = Debug|Any CPU
		{84F4F260-E315-4121-BBED-BE86987FB735}.Release|Any CPU.ActiveCfg = Release|Any CPU
		{84F4F260-E315-4121-BBED-BE86987FB735}.Release|Any CPU.Build.0 = Release|Any CPU
		{84F4F260-E315-4121-BBED-BE86987FB735}.Release|x64.ActiveCfg = Release|Any CPU
		{84F4F260-E315-4121-BBED-BE86987FB735}.Release|x64.Build.0 = Release|Any CPU
		{84F4F260-E315-4121-BBED-BE86987FB735}.Release|x86.ActiveCfg = Release|Any CPU
		{84F4F260-E315-4121-BBED-BE86987FB735}.Release|x86.Build.0 = Release|Any CPU
		{7AFDB61B-B44C-40C4-836D-1281670FA7C9}.Debug|Any CPU.ActiveCfg = Debug|Any CPU
		{7AFDB61B-B44C-40C4-836D-1281670FA7C9}.Debug|Any CPU.Build.0 = Debug|Any CPU
		{7AFDB61B-B44C-40C4-836D-1281670FA7C9}.Debug|x64.ActiveCfg = Debug|Any CPU
		{7AFDB61B-B44C-40C4-836D-1281670FA7C9}.Debug|x86.ActiveCfg = Debug|Any CPU
		{7AFDB61B-B44C-40C4-836D-1281670FA7C9}.Release|Any CPU.ActiveCfg = Release|Any CPU
		{7AFDB61B-B44C-40C4-836D-1281670FA7C9}.Release|Any CPU.Build.0 = Release|Any CPU
		{7AFDB61B-B44C-40C4-836D-1281670FA7C9}.Release|x64.ActiveCfg = Release|Any CPU
		{7AFDB61B-B44C-40C4-836D-1281670FA7C9}.Release|x86.ActiveCfg = Release|Any CPU
		{33BECD17-3BB9-4A28-A08E-48582E0DAB89}.Debug|Any CPU.ActiveCfg = Debug|Any CPU
		{33BECD17-3BB9-4A28-A08E-48582E0DAB89}.Debug|Any CPU.Build.0 = Debug|Any CPU
		{33BECD17-3BB9-4A28-A08E-48582E0DAB89}.Debug|x64.ActiveCfg = Debug|Any CPU
		{33BECD17-3BB9-4A28-A08E-48582E0DAB89}.Debug|x64.Build.0 = Debug|Any CPU
		{33BECD17-3BB9-4A28-A08E-48582E0DAB89}.Debug|x86.ActiveCfg = Debug|Any CPU
		{33BECD17-3BB9-4A28-A08E-48582E0DAB89}.Debug|x86.Build.0 = Debug|Any CPU
		{33BECD17-3BB9-4A28-A08E-48582E0DAB89}.Release|Any CPU.ActiveCfg = Release|Any CPU
		{33BECD17-3BB9-4A28-A08E-48582E0DAB89}.Release|Any CPU.Build.0 = Release|Any CPU
		{33BECD17-3BB9-4A28-A08E-48582E0DAB89}.Release|x64.ActiveCfg = Release|Any CPU
		{33BECD17-3BB9-4A28-A08E-48582E0DAB89}.Release|x64.Build.0 = Release|Any CPU
		{33BECD17-3BB9-4A28-A08E-48582E0DAB89}.Release|x86.ActiveCfg = Release|Any CPU
		{33BECD17-3BB9-4A28-A08E-48582E0DAB89}.Release|x86.Build.0 = Release|Any CPU
		{B2D622BE-0B60-4E04-98F8-4B051FB37377}.Debug|Any CPU.ActiveCfg = Debug|Any CPU
		{B2D622BE-0B60-4E04-98F8-4B051FB37377}.Debug|Any CPU.Build.0 = Debug|Any CPU
		{B2D622BE-0B60-4E04-98F8-4B051FB37377}.Debug|x64.ActiveCfg = Debug|Any CPU
		{B2D622BE-0B60-4E04-98F8-4B051FB37377}.Debug|x86.ActiveCfg = Debug|Any CPU
		{B2D622BE-0B60-4E04-98F8-4B051FB37377}.Release|Any CPU.ActiveCfg = Release|Any CPU
		{B2D622BE-0B60-4E04-98F8-4B051FB37377}.Release|Any CPU.Build.0 = Release|Any CPU
		{B2D622BE-0B60-4E04-98F8-4B051FB37377}.Release|x64.ActiveCfg = Release|Any CPU
		{B2D622BE-0B60-4E04-98F8-4B051FB37377}.Release|x86.ActiveCfg = Release|Any CPU
		{7D43F48D-394A-454B-8B93-E87A99F5E866}.Debug|Any CPU.ActiveCfg = Debug|Any CPU
		{7D43F48D-394A-454B-8B93-E87A99F5E866}.Debug|Any CPU.Build.0 = Debug|Any CPU
		{7D43F48D-394A-454B-8B93-E87A99F5E866}.Debug|x64.ActiveCfg = Debug|Any CPU
		{7D43F48D-394A-454B-8B93-E87A99F5E866}.Debug|x86.ActiveCfg = Debug|Any CPU
		{7D43F48D-394A-454B-8B93-E87A99F5E866}.Release|Any CPU.ActiveCfg = Release|Any CPU
		{7D43F48D-394A-454B-8B93-E87A99F5E866}.Release|Any CPU.Build.0 = Release|Any CPU
		{7D43F48D-394A-454B-8B93-E87A99F5E866}.Release|x64.ActiveCfg = Release|Any CPU
		{7D43F48D-394A-454B-8B93-E87A99F5E866}.Release|x86.ActiveCfg = Release|Any CPU
		{82329CD0-0F5A-464D-AF00-3205E43F261C}.Debug|Any CPU.ActiveCfg = Debug|Any CPU
		{82329CD0-0F5A-464D-AF00-3205E43F261C}.Debug|Any CPU.Build.0 = Debug|Any CPU
		{82329CD0-0F5A-464D-AF00-3205E43F261C}.Debug|x64.ActiveCfg = Debug|Any CPU
		{82329CD0-0F5A-464D-AF00-3205E43F261C}.Debug|x86.ActiveCfg = Debug|Any CPU
		{82329CD0-0F5A-464D-AF00-3205E43F261C}.Release|Any CPU.ActiveCfg = Release|Any CPU
		{82329CD0-0F5A-464D-AF00-3205E43F261C}.Release|Any CPU.Build.0 = Release|Any CPU
		{82329CD0-0F5A-464D-AF00-3205E43F261C}.Release|x64.ActiveCfg = Release|Any CPU
		{82329CD0-0F5A-464D-AF00-3205E43F261C}.Release|x86.ActiveCfg = Release|Any CPU
		{0A82330F-C25C-493F-B4DA-C47C7B7F072B}.Debug|Any CPU.ActiveCfg = Debug|Any CPU
		{0A82330F-C25C-493F-B4DA-C47C7B7F072B}.Debug|Any CPU.Build.0 = Debug|Any CPU
		{0A82330F-C25C-493F-B4DA-C47C7B7F072B}.Debug|x64.ActiveCfg = Debug|Any CPU
		{0A82330F-C25C-493F-B4DA-C47C7B7F072B}.Debug|x64.Build.0 = Debug|Any CPU
		{0A82330F-C25C-493F-B4DA-C47C7B7F072B}.Debug|x86.ActiveCfg = Debug|Any CPU
		{0A82330F-C25C-493F-B4DA-C47C7B7F072B}.Debug|x86.Build.0 = Debug|Any CPU
		{0A82330F-C25C-493F-B4DA-C47C7B7F072B}.Release|Any CPU.ActiveCfg = Release|Any CPU
		{0A82330F-C25C-493F-B4DA-C47C7B7F072B}.Release|Any CPU.Build.0 = Release|Any CPU
		{0A82330F-C25C-493F-B4DA-C47C7B7F072B}.Release|x64.ActiveCfg = Release|Any CPU
		{0A82330F-C25C-493F-B4DA-C47C7B7F072B}.Release|x64.Build.0 = Release|Any CPU
		{0A82330F-C25C-493F-B4DA-C47C7B7F072B}.Release|x86.ActiveCfg = Release|Any CPU
		{0A82330F-C25C-493F-B4DA-C47C7B7F072B}.Release|x86.Build.0 = Release|Any CPU
		{BAF796D4-00A0-46C8-B83A-8F798E878551}.Debug|Any CPU.ActiveCfg = Debug|Any CPU
		{BAF796D4-00A0-46C8-B83A-8F798E878551}.Debug|Any CPU.Build.0 = Debug|Any CPU
		{BAF796D4-00A0-46C8-B83A-8F798E878551}.Debug|x64.ActiveCfg = Debug|Any CPU
		{BAF796D4-00A0-46C8-B83A-8F798E878551}.Debug|x86.ActiveCfg = Debug|Any CPU
		{BAF796D4-00A0-46C8-B83A-8F798E878551}.Release|Any CPU.ActiveCfg = Release|Any CPU
		{BAF796D4-00A0-46C8-B83A-8F798E878551}.Release|Any CPU.Build.0 = Release|Any CPU
		{BAF796D4-00A0-46C8-B83A-8F798E878551}.Release|x64.ActiveCfg = Release|Any CPU
		{BAF796D4-00A0-46C8-B83A-8F798E878551}.Release|x86.ActiveCfg = Release|Any CPU
		{797419BF-35DB-4D27-AC7F-72C0C7AC3748}.Debug|Any CPU.ActiveCfg = Debug|Any CPU
		{797419BF-35DB-4D27-AC7F-72C0C7AC3748}.Debug|Any CPU.Build.0 = Debug|Any CPU
		{797419BF-35DB-4D27-AC7F-72C0C7AC3748}.Debug|x64.ActiveCfg = Debug|Any CPU
		{797419BF-35DB-4D27-AC7F-72C0C7AC3748}.Debug|x86.ActiveCfg = Debug|Any CPU
		{797419BF-35DB-4D27-AC7F-72C0C7AC3748}.Release|Any CPU.ActiveCfg = Release|Any CPU
		{797419BF-35DB-4D27-AC7F-72C0C7AC3748}.Release|Any CPU.Build.0 = Release|Any CPU
		{797419BF-35DB-4D27-AC7F-72C0C7AC3748}.Release|x64.ActiveCfg = Release|Any CPU
		{797419BF-35DB-4D27-AC7F-72C0C7AC3748}.Release|x86.ActiveCfg = Release|Any CPU
		{CACD6389-AE85-41FC-B229-7ABA2E2A1DC6}.Debug|Any CPU.ActiveCfg = Debug|Any CPU
		{CACD6389-AE85-41FC-B229-7ABA2E2A1DC6}.Debug|Any CPU.Build.0 = Debug|Any CPU
		{CACD6389-AE85-41FC-B229-7ABA2E2A1DC6}.Debug|x64.ActiveCfg = Debug|Any CPU
		{CACD6389-AE85-41FC-B229-7ABA2E2A1DC6}.Debug|x86.ActiveCfg = Debug|Any CPU
		{CACD6389-AE85-41FC-B229-7ABA2E2A1DC6}.Release|Any CPU.ActiveCfg = Release|Any CPU
		{CACD6389-AE85-41FC-B229-7ABA2E2A1DC6}.Release|Any CPU.Build.0 = Release|Any CPU
		{CACD6389-AE85-41FC-B229-7ABA2E2A1DC6}.Release|x64.ActiveCfg = Release|Any CPU
		{CACD6389-AE85-41FC-B229-7ABA2E2A1DC6}.Release|x86.ActiveCfg = Release|Any CPU
		{28CF0180-72B8-445B-A142-0425FA9D6F87}.Debug|Any CPU.ActiveCfg = Debug|Any CPU
		{28CF0180-72B8-445B-A142-0425FA9D6F87}.Debug|Any CPU.Build.0 = Debug|Any CPU
		{28CF0180-72B8-445B-A142-0425FA9D6F87}.Debug|x64.ActiveCfg = Debug|Any CPU
		{28CF0180-72B8-445B-A142-0425FA9D6F87}.Debug|x86.ActiveCfg = Debug|Any CPU
		{28CF0180-72B8-445B-A142-0425FA9D6F87}.Release|Any CPU.ActiveCfg = Release|Any CPU
		{28CF0180-72B8-445B-A142-0425FA9D6F87}.Release|Any CPU.Build.0 = Release|Any CPU
		{28CF0180-72B8-445B-A142-0425FA9D6F87}.Release|x64.ActiveCfg = Release|Any CPU
		{28CF0180-72B8-445B-A142-0425FA9D6F87}.Release|x86.ActiveCfg = Release|Any CPU
		{1F6E2D38-8843-4707-8D80-36CD81305F01}.Debug|Any CPU.ActiveCfg = Debug|Any CPU
		{1F6E2D38-8843-4707-8D80-36CD81305F01}.Debug|Any CPU.Build.0 = Debug|Any CPU
		{1F6E2D38-8843-4707-8D80-36CD81305F01}.Debug|x64.ActiveCfg = Debug|Any CPU
		{1F6E2D38-8843-4707-8D80-36CD81305F01}.Debug|x86.ActiveCfg = Debug|Any CPU
		{1F6E2D38-8843-4707-8D80-36CD81305F01}.Release|Any CPU.ActiveCfg = Release|Any CPU
		{1F6E2D38-8843-4707-8D80-36CD81305F01}.Release|Any CPU.Build.0 = Release|Any CPU
		{1F6E2D38-8843-4707-8D80-36CD81305F01}.Release|x64.ActiveCfg = Release|Any CPU
		{1F6E2D38-8843-4707-8D80-36CD81305F01}.Release|x86.ActiveCfg = Release|Any CPU
		{52694C0C-4B59-4D39-B19D-AC9B241A7581}.Debug|Any CPU.ActiveCfg = Debug|Any CPU
		{52694C0C-4B59-4D39-B19D-AC9B241A7581}.Debug|Any CPU.Build.0 = Debug|Any CPU
		{52694C0C-4B59-4D39-B19D-AC9B241A7581}.Debug|x64.ActiveCfg = Debug|Any CPU
		{52694C0C-4B59-4D39-B19D-AC9B241A7581}.Debug|x86.ActiveCfg = Debug|Any CPU
		{52694C0C-4B59-4D39-B19D-AC9B241A7581}.Release|Any CPU.ActiveCfg = Release|Any CPU
		{52694C0C-4B59-4D39-B19D-AC9B241A7581}.Release|Any CPU.Build.0 = Release|Any CPU
		{52694C0C-4B59-4D39-B19D-AC9B241A7581}.Release|x64.ActiveCfg = Release|Any CPU
		{52694C0C-4B59-4D39-B19D-AC9B241A7581}.Release|x86.ActiveCfg = Release|Any CPU
		{EEFBB4B0-AC89-46DD-BC4F-FF92E8A2A12D}.Debug|Any CPU.ActiveCfg = Debug|Any CPU
		{EEFBB4B0-AC89-46DD-BC4F-FF92E8A2A12D}.Debug|Any CPU.Build.0 = Debug|Any CPU
		{EEFBB4B0-AC89-46DD-BC4F-FF92E8A2A12D}.Debug|x64.ActiveCfg = Debug|Any CPU
		{EEFBB4B0-AC89-46DD-BC4F-FF92E8A2A12D}.Debug|x86.ActiveCfg = Debug|Any CPU
		{EEFBB4B0-AC89-46DD-BC4F-FF92E8A2A12D}.Release|Any CPU.ActiveCfg = Release|Any CPU
		{EEFBB4B0-AC89-46DD-BC4F-FF92E8A2A12D}.Release|Any CPU.Build.0 = Release|Any CPU
		{EEFBB4B0-AC89-46DD-BC4F-FF92E8A2A12D}.Release|x64.ActiveCfg = Release|Any CPU
		{EEFBB4B0-AC89-46DD-BC4F-FF92E8A2A12D}.Release|x86.ActiveCfg = Release|Any CPU
		{4D577D7E-F9CF-48B3-9881-6EFCBA8A7D5E}.Debug|Any CPU.ActiveCfg = Debug|Any CPU
		{4D577D7E-F9CF-48B3-9881-6EFCBA8A7D5E}.Debug|Any CPU.Build.0 = Debug|Any CPU
		{4D577D7E-F9CF-48B3-9881-6EFCBA8A7D5E}.Debug|x64.ActiveCfg = Debug|Any CPU
		{4D577D7E-F9CF-48B3-9881-6EFCBA8A7D5E}.Debug|x86.ActiveCfg = Debug|Any CPU
		{4D577D7E-F9CF-48B3-9881-6EFCBA8A7D5E}.Release|Any CPU.ActiveCfg = Release|Any CPU
		{4D577D7E-F9CF-48B3-9881-6EFCBA8A7D5E}.Release|Any CPU.Build.0 = Release|Any CPU
		{4D577D7E-F9CF-48B3-9881-6EFCBA8A7D5E}.Release|x64.ActiveCfg = Release|Any CPU
		{4D577D7E-F9CF-48B3-9881-6EFCBA8A7D5E}.Release|x86.ActiveCfg = Release|Any CPU
		{7EE26174-D12C-43CD-838D-E842CD9EF171}.Debug|Any CPU.ActiveCfg = Debug|Any CPU
		{7EE26174-D12C-43CD-838D-E842CD9EF171}.Debug|Any CPU.Build.0 = Debug|Any CPU
		{7EE26174-D12C-43CD-838D-E842CD9EF171}.Debug|x64.ActiveCfg = Debug|Any CPU
		{7EE26174-D12C-43CD-838D-E842CD9EF171}.Debug|x86.ActiveCfg = Debug|Any CPU
		{7EE26174-D12C-43CD-838D-E842CD9EF171}.Release|Any CPU.ActiveCfg = Release|Any CPU
		{7EE26174-D12C-43CD-838D-E842CD9EF171}.Release|Any CPU.Build.0 = Release|Any CPU
		{7EE26174-D12C-43CD-838D-E842CD9EF171}.Release|x64.ActiveCfg = Release|Any CPU
		{7EE26174-D12C-43CD-838D-E842CD9EF171}.Release|x86.ActiveCfg = Release|Any CPU
		{987801F3-1A48-4190-B117-5E7E0269616F}.Debug|Any CPU.ActiveCfg = Debug|Any CPU
		{987801F3-1A48-4190-B117-5E7E0269616F}.Debug|Any CPU.Build.0 = Debug|Any CPU
		{987801F3-1A48-4190-B117-5E7E0269616F}.Debug|x64.ActiveCfg = Debug|Any CPU
		{987801F3-1A48-4190-B117-5E7E0269616F}.Debug|x86.ActiveCfg = Debug|Any CPU
		{987801F3-1A48-4190-B117-5E7E0269616F}.Release|Any CPU.ActiveCfg = Release|Any CPU
		{987801F3-1A48-4190-B117-5E7E0269616F}.Release|Any CPU.Build.0 = Release|Any CPU
		{987801F3-1A48-4190-B117-5E7E0269616F}.Release|x64.ActiveCfg = Release|Any CPU
		{987801F3-1A48-4190-B117-5E7E0269616F}.Release|x86.ActiveCfg = Release|Any CPU
		{F175CE5B-91D2-40A0-A7F8-E78AA8DDA233}.Debug|Any CPU.ActiveCfg = Debug|Any CPU
		{F175CE5B-91D2-40A0-A7F8-E78AA8DDA233}.Debug|Any CPU.Build.0 = Debug|Any CPU
		{F175CE5B-91D2-40A0-A7F8-E78AA8DDA233}.Debug|x64.ActiveCfg = Debug|Any CPU
		{F175CE5B-91D2-40A0-A7F8-E78AA8DDA233}.Debug|x86.ActiveCfg = Debug|Any CPU
		{F175CE5B-91D2-40A0-A7F8-E78AA8DDA233}.Release|Any CPU.ActiveCfg = Release|Any CPU
		{F175CE5B-91D2-40A0-A7F8-E78AA8DDA233}.Release|Any CPU.Build.0 = Release|Any CPU
		{F175CE5B-91D2-40A0-A7F8-E78AA8DDA233}.Release|x64.ActiveCfg = Release|Any CPU
		{F175CE5B-91D2-40A0-A7F8-E78AA8DDA233}.Release|x86.ActiveCfg = Release|Any CPU
		{1ED9D0EF-BB68-4F9F-83BC-9CC97F36F589}.Debug|Any CPU.ActiveCfg = Debug|Any CPU
		{1ED9D0EF-BB68-4F9F-83BC-9CC97F36F589}.Debug|Any CPU.Build.0 = Debug|Any CPU
		{1ED9D0EF-BB68-4F9F-83BC-9CC97F36F589}.Debug|x64.ActiveCfg = Debug|Any CPU
		{1ED9D0EF-BB68-4F9F-83BC-9CC97F36F589}.Debug|x64.Build.0 = Debug|Any CPU
		{1ED9D0EF-BB68-4F9F-83BC-9CC97F36F589}.Debug|x86.ActiveCfg = Debug|Any CPU
		{1ED9D0EF-BB68-4F9F-83BC-9CC97F36F589}.Debug|x86.Build.0 = Debug|Any CPU
		{1ED9D0EF-BB68-4F9F-83BC-9CC97F36F589}.Release|Any CPU.ActiveCfg = Release|Any CPU
		{1ED9D0EF-BB68-4F9F-83BC-9CC97F36F589}.Release|Any CPU.Build.0 = Release|Any CPU
		{1ED9D0EF-BB68-4F9F-83BC-9CC97F36F589}.Release|x64.ActiveCfg = Release|Any CPU
		{1ED9D0EF-BB68-4F9F-83BC-9CC97F36F589}.Release|x64.Build.0 = Release|Any CPU
		{1ED9D0EF-BB68-4F9F-83BC-9CC97F36F589}.Release|x86.ActiveCfg = Release|Any CPU
		{1ED9D0EF-BB68-4F9F-83BC-9CC97F36F589}.Release|x86.Build.0 = Release|Any CPU
		{27B76FC0-BC23-4A75-B9CA-3E4B9F6FB31B}.Debug|Any CPU.ActiveCfg = Debug|Any CPU
		{27B76FC0-BC23-4A75-B9CA-3E4B9F6FB31B}.Debug|Any CPU.Build.0 = Debug|Any CPU
		{27B76FC0-BC23-4A75-B9CA-3E4B9F6FB31B}.Debug|x64.ActiveCfg = Debug|Any CPU
		{27B76FC0-BC23-4A75-B9CA-3E4B9F6FB31B}.Debug|x64.Build.0 = Debug|Any CPU
		{27B76FC0-BC23-4A75-B9CA-3E4B9F6FB31B}.Debug|x86.ActiveCfg = Debug|Any CPU
		{27B76FC0-BC23-4A75-B9CA-3E4B9F6FB31B}.Debug|x86.Build.0 = Debug|Any CPU
		{27B76FC0-BC23-4A75-B9CA-3E4B9F6FB31B}.Release|Any CPU.ActiveCfg = Release|Any CPU
		{27B76FC0-BC23-4A75-B9CA-3E4B9F6FB31B}.Release|Any CPU.Build.0 = Release|Any CPU
		{27B76FC0-BC23-4A75-B9CA-3E4B9F6FB31B}.Release|x64.ActiveCfg = Release|Any CPU
		{27B76FC0-BC23-4A75-B9CA-3E4B9F6FB31B}.Release|x64.Build.0 = Release|Any CPU
		{27B76FC0-BC23-4A75-B9CA-3E4B9F6FB31B}.Release|x86.ActiveCfg = Release|Any CPU
		{27B76FC0-BC23-4A75-B9CA-3E4B9F6FB31B}.Release|x86.Build.0 = Release|Any CPU
		{E11CD846-8105-4E49-BE25-A17DCE2B2AB2}.Debug|Any CPU.ActiveCfg = Debug|Any CPU
		{E11CD846-8105-4E49-BE25-A17DCE2B2AB2}.Debug|Any CPU.Build.0 = Debug|Any CPU
		{E11CD846-8105-4E49-BE25-A17DCE2B2AB2}.Debug|x64.ActiveCfg = Debug|Any CPU
		{E11CD846-8105-4E49-BE25-A17DCE2B2AB2}.Debug|x64.Build.0 = Debug|Any CPU
		{E11CD846-8105-4E49-BE25-A17DCE2B2AB2}.Debug|x86.ActiveCfg = Debug|Any CPU
		{E11CD846-8105-4E49-BE25-A17DCE2B2AB2}.Debug|x86.Build.0 = Debug|Any CPU
		{E11CD846-8105-4E49-BE25-A17DCE2B2AB2}.Release|Any CPU.ActiveCfg = Release|Any CPU
		{E11CD846-8105-4E49-BE25-A17DCE2B2AB2}.Release|Any CPU.Build.0 = Release|Any CPU
		{E11CD846-8105-4E49-BE25-A17DCE2B2AB2}.Release|x64.ActiveCfg = Release|Any CPU
		{E11CD846-8105-4E49-BE25-A17DCE2B2AB2}.Release|x64.Build.0 = Release|Any CPU
		{E11CD846-8105-4E49-BE25-A17DCE2B2AB2}.Release|x86.ActiveCfg = Release|Any CPU
		{E11CD846-8105-4E49-BE25-A17DCE2B2AB2}.Release|x86.Build.0 = Release|Any CPU
		{4BB3CCC3-9403-42FD-8A7C-C7AF4D0B6020}.Debug|Any CPU.ActiveCfg = Debug|Any CPU
		{4BB3CCC3-9403-42FD-8A7C-C7AF4D0B6020}.Debug|Any CPU.Build.0 = Debug|Any CPU
		{4BB3CCC3-9403-42FD-8A7C-C7AF4D0B6020}.Debug|x64.ActiveCfg = Debug|Any CPU
		{4BB3CCC3-9403-42FD-8A7C-C7AF4D0B6020}.Debug|x64.Build.0 = Debug|Any CPU
		{4BB3CCC3-9403-42FD-8A7C-C7AF4D0B6020}.Debug|x86.ActiveCfg = Debug|Any CPU
		{4BB3CCC3-9403-42FD-8A7C-C7AF4D0B6020}.Debug|x86.Build.0 = Debug|Any CPU
		{4BB3CCC3-9403-42FD-8A7C-C7AF4D0B6020}.Release|Any CPU.ActiveCfg = Release|Any CPU
		{4BB3CCC3-9403-42FD-8A7C-C7AF4D0B6020}.Release|Any CPU.Build.0 = Release|Any CPU
		{4BB3CCC3-9403-42FD-8A7C-C7AF4D0B6020}.Release|x64.ActiveCfg = Release|Any CPU
		{4BB3CCC3-9403-42FD-8A7C-C7AF4D0B6020}.Release|x64.Build.0 = Release|Any CPU
		{4BB3CCC3-9403-42FD-8A7C-C7AF4D0B6020}.Release|x86.ActiveCfg = Release|Any CPU
		{4BB3CCC3-9403-42FD-8A7C-C7AF4D0B6020}.Release|x86.Build.0 = Release|Any CPU
		{9E28D7D3-05C5-401C-8872-6EC6A57A1107}.Debug|Any CPU.ActiveCfg = Debug|Any CPU
		{9E28D7D3-05C5-401C-8872-6EC6A57A1107}.Debug|Any CPU.Build.0 = Debug|Any CPU
		{9E28D7D3-05C5-401C-8872-6EC6A57A1107}.Debug|x64.ActiveCfg = Debug|Any CPU
		{9E28D7D3-05C5-401C-8872-6EC6A57A1107}.Debug|x64.Build.0 = Debug|Any CPU
		{9E28D7D3-05C5-401C-8872-6EC6A57A1107}.Debug|x86.ActiveCfg = Debug|Any CPU
		{9E28D7D3-05C5-401C-8872-6EC6A57A1107}.Debug|x86.Build.0 = Debug|Any CPU
		{9E28D7D3-05C5-401C-8872-6EC6A57A1107}.Release|Any CPU.ActiveCfg = Release|Any CPU
		{9E28D7D3-05C5-401C-8872-6EC6A57A1107}.Release|Any CPU.Build.0 = Release|Any CPU
		{9E28D7D3-05C5-401C-8872-6EC6A57A1107}.Release|x64.ActiveCfg = Release|Any CPU
		{9E28D7D3-05C5-401C-8872-6EC6A57A1107}.Release|x64.Build.0 = Release|Any CPU
		{9E28D7D3-05C5-401C-8872-6EC6A57A1107}.Release|x86.ActiveCfg = Release|Any CPU
		{9E28D7D3-05C5-401C-8872-6EC6A57A1107}.Release|x86.Build.0 = Release|Any CPU
		{5E7DD7ED-9AC0-4095-AB6B-A6BF21FE5B7F}.Debug|Any CPU.ActiveCfg = Debug|Any CPU
		{5E7DD7ED-9AC0-4095-AB6B-A6BF21FE5B7F}.Debug|Any CPU.Build.0 = Debug|Any CPU
		{5E7DD7ED-9AC0-4095-AB6B-A6BF21FE5B7F}.Debug|x64.ActiveCfg = Debug|x64
		{5E7DD7ED-9AC0-4095-AB6B-A6BF21FE5B7F}.Debug|x64.Build.0 = Debug|x64
		{5E7DD7ED-9AC0-4095-AB6B-A6BF21FE5B7F}.Debug|x86.ActiveCfg = Debug|x86
		{5E7DD7ED-9AC0-4095-AB6B-A6BF21FE5B7F}.Debug|x86.Build.0 = Debug|x86
		{5E7DD7ED-9AC0-4095-AB6B-A6BF21FE5B7F}.Release|Any CPU.ActiveCfg = Release|Any CPU
		{5E7DD7ED-9AC0-4095-AB6B-A6BF21FE5B7F}.Release|Any CPU.Build.0 = Release|Any CPU
		{5E7DD7ED-9AC0-4095-AB6B-A6BF21FE5B7F}.Release|x64.ActiveCfg = Release|x64
		{5E7DD7ED-9AC0-4095-AB6B-A6BF21FE5B7F}.Release|x64.Build.0 = Release|x64
		{5E7DD7ED-9AC0-4095-AB6B-A6BF21FE5B7F}.Release|x86.ActiveCfg = Release|x86
		{5E7DD7ED-9AC0-4095-AB6B-A6BF21FE5B7F}.Release|x86.Build.0 = Release|x86
		{E11C21EB-3336-458F-9451-67F8E8F2352D}.Debug|Any CPU.ActiveCfg = Debug|Any CPU
		{E11C21EB-3336-458F-9451-67F8E8F2352D}.Debug|Any CPU.Build.0 = Debug|Any CPU
		{E11C21EB-3336-458F-9451-67F8E8F2352D}.Debug|x64.ActiveCfg = Debug|x64
		{E11C21EB-3336-458F-9451-67F8E8F2352D}.Debug|x64.Build.0 = Debug|x64
		{E11C21EB-3336-458F-9451-67F8E8F2352D}.Debug|x86.ActiveCfg = Debug|x86
		{E11C21EB-3336-458F-9451-67F8E8F2352D}.Debug|x86.Build.0 = Debug|x86
		{E11C21EB-3336-458F-9451-67F8E8F2352D}.Release|Any CPU.ActiveCfg = Release|Any CPU
		{E11C21EB-3336-458F-9451-67F8E8F2352D}.Release|Any CPU.Build.0 = Release|Any CPU
		{E11C21EB-3336-458F-9451-67F8E8F2352D}.Release|x64.ActiveCfg = Release|x64
		{E11C21EB-3336-458F-9451-67F8E8F2352D}.Release|x64.Build.0 = Release|x64
		{E11C21EB-3336-458F-9451-67F8E8F2352D}.Release|x86.ActiveCfg = Release|x86
		{E11C21EB-3336-458F-9451-67F8E8F2352D}.Release|x86.Build.0 = Release|x86
		{9921E34D-F22D-4627-94B9-D871EB586C14}.Debug|Any CPU.ActiveCfg = Debug|Any CPU
		{9921E34D-F22D-4627-94B9-D871EB586C14}.Debug|Any CPU.Build.0 = Debug|Any CPU
		{9921E34D-F22D-4627-94B9-D871EB586C14}.Debug|x64.ActiveCfg = Debug|x64
		{9921E34D-F22D-4627-94B9-D871EB586C14}.Debug|x64.Build.0 = Debug|x64
		{9921E34D-F22D-4627-94B9-D871EB586C14}.Debug|x86.ActiveCfg = Debug|x86
		{9921E34D-F22D-4627-94B9-D871EB586C14}.Debug|x86.Build.0 = Debug|x86
		{9921E34D-F22D-4627-94B9-D871EB586C14}.Release|Any CPU.ActiveCfg = Release|Any CPU
		{9921E34D-F22D-4627-94B9-D871EB586C14}.Release|Any CPU.Build.0 = Release|Any CPU
		{9921E34D-F22D-4627-94B9-D871EB586C14}.Release|x64.ActiveCfg = Release|x64
		{9921E34D-F22D-4627-94B9-D871EB586C14}.Release|x64.Build.0 = Release|x64
		{9921E34D-F22D-4627-94B9-D871EB586C14}.Release|x86.ActiveCfg = Release|x86
		{9921E34D-F22D-4627-94B9-D871EB586C14}.Release|x86.Build.0 = Release|x86
		{170FBCB6-33EC-49A7-BAB3-096569D1579B}.Debug|Any CPU.ActiveCfg = Debug|Any CPU
		{170FBCB6-33EC-49A7-BAB3-096569D1579B}.Debug|Any CPU.Build.0 = Debug|Any CPU
		{170FBCB6-33EC-49A7-BAB3-096569D1579B}.Debug|x64.ActiveCfg = Debug|Any CPU
		{170FBCB6-33EC-49A7-BAB3-096569D1579B}.Debug|x64.Build.0 = Debug|Any CPU
		{170FBCB6-33EC-49A7-BAB3-096569D1579B}.Debug|x86.ActiveCfg = Debug|Any CPU
		{170FBCB6-33EC-49A7-BAB3-096569D1579B}.Debug|x86.Build.0 = Debug|Any CPU
		{170FBCB6-33EC-49A7-BAB3-096569D1579B}.Release|Any CPU.ActiveCfg = Release|Any CPU
		{170FBCB6-33EC-49A7-BAB3-096569D1579B}.Release|Any CPU.Build.0 = Release|Any CPU
		{170FBCB6-33EC-49A7-BAB3-096569D1579B}.Release|x64.ActiveCfg = Release|Any CPU
		{170FBCB6-33EC-49A7-BAB3-096569D1579B}.Release|x64.Build.0 = Release|Any CPU
		{170FBCB6-33EC-49A7-BAB3-096569D1579B}.Release|x86.ActiveCfg = Release|Any CPU
		{170FBCB6-33EC-49A7-BAB3-096569D1579B}.Release|x86.Build.0 = Release|Any CPU
	EndGlobalSection
	GlobalSection(SolutionProperties) = preSolution
		HideSolutionNode = FALSE
	EndGlobalSection
	GlobalSection(NestedProjects) = preSolution
		{975D6CB1-2AE4-4542-BE9C-1F54330C0A79} = {ECDFA035-0041-48AA-8E46-9E3743CA17EC}
		{7AFDB61B-B44C-40C4-836D-1281670FA7C9} = {ECDFA035-0041-48AA-8E46-9E3743CA17EC}
		{33BECD17-3BB9-4A28-A08E-48582E0DAB89} = {6928802D-F41A-4CB5-949A-8BA15EE3FF08}
		{B2D622BE-0B60-4E04-98F8-4B051FB37377} = {ECDFA035-0041-48AA-8E46-9E3743CA17EC}
		{7D43F48D-394A-454B-8B93-E87A99F5E866} = {ECDFA035-0041-48AA-8E46-9E3743CA17EC}
		{82329CD0-0F5A-464D-AF00-3205E43F261C} = {ECDFA035-0041-48AA-8E46-9E3743CA17EC}
		{0A82330F-C25C-493F-B4DA-C47C7B7F072B} = {6928802D-F41A-4CB5-949A-8BA15EE3FF08}
		{BAF796D4-00A0-46C8-B83A-8F798E878551} = {ECDFA035-0041-48AA-8E46-9E3743CA17EC}
		{797419BF-35DB-4D27-AC7F-72C0C7AC3748} = {53A811AE-F9B5-4ED4-B395-660F1DD6904A}
		{CACD6389-AE85-41FC-B229-7ABA2E2A1DC6} = {ECDFA035-0041-48AA-8E46-9E3743CA17EC}
		{28CF0180-72B8-445B-A142-0425FA9D6F87} = {ECDFA035-0041-48AA-8E46-9E3743CA17EC}
		{1F6E2D38-8843-4707-8D80-36CD81305F01} = {ECDFA035-0041-48AA-8E46-9E3743CA17EC}
		{52694C0C-4B59-4D39-B19D-AC9B241A7581} = {E43B9087-6D2D-4F15-9BAF-5719BCF3D34E}
		{EEFBB4B0-AC89-46DD-BC4F-FF92E8A2A12D} = {E43B9087-6D2D-4F15-9BAF-5719BCF3D34E}
		{4D577D7E-F9CF-48B3-9881-6EFCBA8A7D5E} = {E43B9087-6D2D-4F15-9BAF-5719BCF3D34E}
		{7EE26174-D12C-43CD-838D-E842CD9EF171} = {E43B9087-6D2D-4F15-9BAF-5719BCF3D34E}
		{987801F3-1A48-4190-B117-5E7E0269616F} = {E43B9087-6D2D-4F15-9BAF-5719BCF3D34E}
		{F175CE5B-91D2-40A0-A7F8-E78AA8DDA233} = {E43B9087-6D2D-4F15-9BAF-5719BCF3D34E}
		{1ED9D0EF-BB68-4F9F-83BC-9CC97F36F589} = {E43B9087-6D2D-4F15-9BAF-5719BCF3D34E}
		{27B76FC0-BC23-4A75-B9CA-3E4B9F6FB31B} = {E43B9087-6D2D-4F15-9BAF-5719BCF3D34E}
		{E11CD846-8105-4E49-BE25-A17DCE2B2AB2} = {E43B9087-6D2D-4F15-9BAF-5719BCF3D34E}
		{4BB3CCC3-9403-42FD-8A7C-C7AF4D0B6020} = {E43B9087-6D2D-4F15-9BAF-5719BCF3D34E}
		{9E28D7D3-05C5-401C-8872-6EC6A57A1107} = {511C17B5-F8EF-417F-9551-B6F2248012FB}
		{5E7DD7ED-9AC0-4095-AB6B-A6BF21FE5B7F} = {CC7FB9FB-A43B-4588-97E7-7822266D21D3}
		{E11C21EB-3336-458F-9451-67F8E8F2352D} = {CC7FB9FB-A43B-4588-97E7-7822266D21D3}
		{9921E34D-F22D-4627-94B9-D871EB586C14} = {CC7FB9FB-A43B-4588-97E7-7822266D21D3}
		{170FBCB6-33EC-49A7-BAB3-096569D1579B} = {CC7FB9FB-A43B-4588-97E7-7822266D21D3}
	EndGlobalSection
	GlobalSection(ExtensibilityGlobals) = postSolution
		SolutionGuid = {473EDB8B-5C5C-4346-B4BE-0B8FCF30D337}
	EndGlobalSection
EndGlobal
